// !$*UTF8*$!
{
	archiveVersion = 1;
	classes = {
	};
	objectVersion = 50;
	objects = {

/* Begin PBXBuildFile section */
		AA8D22F724D4019F00F3151E /* SplitDisplayModeExampleViewApp.swift in Sources */ = {isa = PBXBuildFile; fileRef = AA8D22F624D4019F00F3151E /* SplitDisplayModeExampleViewApp.swift */; };
		AA8D22F924D4019F00F3151E /* ContentView.swift in Sources */ = {isa = PBXBuildFile; fileRef = AA8D22F824D4019F00F3151E /* ContentView.swift */; };
		AA8D22FB24D401A100F3151E /* Assets.xcassets in Resources */ = {isa = PBXBuildFile; fileRef = AA8D22FA24D401A100F3151E /* Assets.xcassets */; };
		AA8D22FE24D401A100F3151E /* Preview Assets.xcassets in Resources */ = {isa = PBXBuildFile; fileRef = AA8D22FD24D401A100F3151E /* Preview Assets.xcassets */; };
		AA8D230924D401A100F3151E /* SplitDisplayModeExampleViewTests.swift in Sources */ = {isa = PBXBuildFile; fileRef = AA8D230824D401A100F3151E /* SplitDisplayModeExampleViewTests.swift */; };
		AA8D231424D401A100F3151E /* SplitDisplayModeExampleViewUITests.swift in Sources */ = {isa = PBXBuildFile; fileRef = AA8D231324D401A100F3151E /* SplitDisplayModeExampleViewUITests.swift */; };
/* End PBXBuildFile section */

/* Begin PBXContainerItemProxy section */
		AA8D230524D401A100F3151E /* PBXContainerItemProxy */ = {
			isa = PBXContainerItemProxy;
			containerPortal = AA8D22EB24D4019F00F3151E /* Project object */;
			proxyType = 1;
			remoteGlobalIDString = AA8D22F224D4019F00F3151E;
			remoteInfo = SplitDisplayModeExampleView;
		};
		AA8D231024D401A100F3151E /* PBXContainerItemProxy */ = {
			isa = PBXContainerItemProxy;
			containerPortal = AA8D22EB24D4019F00F3151E /* Project object */;
			proxyType = 1;
			remoteGlobalIDString = AA8D22F224D4019F00F3151E;
			remoteInfo = SplitDisplayModeExampleView;
		};
/* End PBXContainerItemProxy section */

/* Begin PBXFileReference section */
		AA8D22F324D4019F00F3151E /* SplitDisplayModeExampleView.app */ = {isa = PBXFileReference; explicitFileType = wrapper.application; includeInIndex = 0; path = SplitDisplayModeExampleView.app; sourceTree = BUILT_PRODUCTS_DIR; };
		AA8D22F624D4019F00F3151E /* SplitDisplayModeExampleViewApp.swift */ = {isa = PBXFileReference; lastKnownFileType = sourcecode.swift; path = SplitDisplayModeExampleViewApp.swift; sourceTree = "<group>"; };
		AA8D22F824D4019F00F3151E /* ContentView.swift */ = {isa = PBXFileReference; lastKnownFileType = sourcecode.swift; path = ContentView.swift; sourceTree = "<group>"; };
		AA8D22FA24D401A100F3151E /* Assets.xcassets */ = {isa = PBXFileReference; lastKnownFileType = folder.assetcatalog; path = Assets.xcassets; sourceTree = "<group>"; };
		AA8D22FD24D401A100F3151E /* Preview Assets.xcassets */ = {isa = PBXFileReference; lastKnownFileType = folder.assetcatalog; path = "Preview Assets.xcassets"; sourceTree = "<group>"; };
		AA8D22FF24D401A100F3151E /* Info.plist */ = {isa = PBXFileReference; lastKnownFileType = text.plist.xml; path = Info.plist; sourceTree = "<group>"; };
		AA8D230424D401A100F3151E /* SplitDisplayModeExampleViewTests.xctest */ = {isa = PBXFileReference; explicitFileType = wrapper.cfbundle; includeInIndex = 0; path = SplitDisplayModeExampleViewTests.xctest; sourceTree = BUILT_PRODUCTS_DIR; };
		AA8D230824D401A100F3151E /* SplitDisplayModeExampleViewTests.swift */ = {isa = PBXFileReference; lastKnownFileType = sourcecode.swift; path = SplitDisplayModeExampleViewTests.swift; sourceTree = "<group>"; };
		AA8D230A24D401A100F3151E /* Info.plist */ = {isa = PBXFileReference; lastKnownFileType = text.plist.xml; path = Info.plist; sourceTree = "<group>"; };
		AA8D230F24D401A100F3151E /* SplitDisplayModeExampleViewUITests.xctest */ = {isa = PBXFileReference; explicitFileType = wrapper.cfbundle; includeInIndex = 0; path = SplitDisplayModeExampleViewUITests.xctest; sourceTree = BUILT_PRODUCTS_DIR; };
		AA8D231324D401A100F3151E /* SplitDisplayModeExampleViewUITests.swift */ = {isa = PBXFileReference; lastKnownFileType = sourcecode.swift; path = SplitDisplayModeExampleViewUITests.swift; sourceTree = "<group>"; };
		AA8D231524D401A100F3151E /* Info.plist */ = {isa = PBXFileReference; lastKnownFileType = text.plist.xml; path = Info.plist; sourceTree = "<group>"; };
/* End PBXFileReference section */

/* Begin PBXFrameworksBuildPhase section */
		AA8D22F024D4019F00F3151E /* Frameworks */ = {
			isa = PBXFrameworksBuildPhase;
			buildActionMask = 2147483647;
			files = (
			);
			runOnlyForDeploymentPostprocessing = 0;
		};
		AA8D230124D401A100F3151E /* Frameworks */ = {
			isa = PBXFrameworksBuildPhase;
			buildActionMask = 2147483647;
			files = (
			);
			runOnlyForDeploymentPostprocessing = 0;
		};
		AA8D230C24D401A100F3151E /* Frameworks */ = {
			isa = PBXFrameworksBuildPhase;
			buildActionMask = 2147483647;
			files = (
			);
			runOnlyForDeploymentPostprocessing = 0;
		};
/* End PBXFrameworksBuildPhase section */

/* Begin PBXGroup section */
		AA8D22EA24D4019F00F3151E = {
			isa = PBXGroup;
			children = (
				AA8D22F524D4019F00F3151E /* SplitDisplayModeExampleView */,
				AA8D230724D401A100F3151E /* SplitDisplayModeExampleViewTests */,
				AA8D231224D401A100F3151E /* SplitDisplayModeExampleViewUITests */,
				AA8D22F424D4019F00F3151E /* Products */,
			);
			sourceTree = "<group>";
		};
		AA8D22F424D4019F00F3151E /* Products */ = {
			isa = PBXGroup;
			children = (
				AA8D22F324D4019F00F3151E /* SplitDisplayModeExampleView.app */,
				AA8D230424D401A100F3151E /* SplitDisplayModeExampleViewTests.xctest */,
				AA8D230F24D401A100F3151E /* SplitDisplayModeExampleViewUITests.xctest */,
			);
			name = Products;
			sourceTree = "<group>";
		};
		AA8D22F524D4019F00F3151E /* SplitDisplayModeExampleView */ = {
			isa = PBXGroup;
			children = (
				AA8D22F624D4019F00F3151E /* SplitDisplayModeExampleViewApp.swift */,
				AA8D22F824D4019F00F3151E /* ContentView.swift */,
				AA8D22FA24D401A100F3151E /* Assets.xcassets */,
				AA8D22FF24D401A100F3151E /* Info.plist */,
				AA8D22FC24D401A100F3151E /* Preview Content */,
			);
			path = SplitDisplayModeExampleView;
			sourceTree = "<group>";
		};
		AA8D22FC24D401A100F3151E /* Preview Content */ = {
			isa = PBXGroup;
			children = (
				AA8D22FD24D401A100F3151E /* Preview Assets.xcassets */,
			);
			path = "Preview Content";
			sourceTree = "<group>";
		};
		AA8D230724D401A100F3151E /* SplitDisplayModeExampleViewTests */ = {
			isa = PBXGroup;
			children = (
				AA8D230824D401A100F3151E /* SplitDisplayModeExampleViewTests.swift */,
				AA8D230A24D401A100F3151E /* Info.plist */,
			);
			path = SplitDisplayModeExampleViewTests;
			sourceTree = "<group>";
		};
		AA8D231224D401A100F3151E /* SplitDisplayModeExampleViewUITests */ = {
			isa = PBXGroup;
			children = (
				AA8D231324D401A100F3151E /* SplitDisplayModeExampleViewUITests.swift */,
				AA8D231524D401A100F3151E /* Info.plist */,
			);
			path = SplitDisplayModeExampleViewUITests;
			sourceTree = "<group>";
		};
/* End PBXGroup section */

/* Begin PBXNativeTarget section */
		AA8D22F224D4019F00F3151E /* SplitDisplayModeExampleView */ = {
			isa = PBXNativeTarget;
			buildConfigurationList = AA8D231824D401A100F3151E /* Build configuration list for PBXNativeTarget "SplitDisplayModeExampleView" */;
			buildPhases = (
				AA8D22EF24D4019F00F3151E /* Sources */,
				AA8D22F024D4019F00F3151E /* Frameworks */,
				AA8D22F124D4019F00F3151E /* Resources */,
			);
			buildRules = (
			);
			dependencies = (
			);
			name = SplitDisplayModeExampleView;
			productName = SplitDisplayModeExampleView;
			productReference = AA8D22F324D4019F00F3151E /* SplitDisplayModeExampleView.app */;
			productType = "com.apple.product-type.application";
		};
		AA8D230324D401A100F3151E /* SplitDisplayModeExampleViewTests */ = {
			isa = PBXNativeTarget;
			buildConfigurationList = AA8D231B24D401A100F3151E /* Build configuration list for PBXNativeTarget "SplitDisplayModeExampleViewTests" */;
			buildPhases = (
				AA8D230024D401A100F3151E /* Sources */,
				AA8D230124D401A100F3151E /* Frameworks */,
				AA8D230224D401A100F3151E /* Resources */,
			);
			buildRules = (
			);
			dependencies = (
				AA8D230624D401A100F3151E /* PBXTargetDependency */,
			);
			name = SplitDisplayModeExampleViewTests;
			productName = SplitDisplayModeExampleViewTests;
			productReference = AA8D230424D401A100F3151E /* SplitDisplayModeExampleViewTests.xctest */;
			productType = "com.apple.product-type.bundle.unit-test";
		};
		AA8D230E24D401A100F3151E /* SplitDisplayModeExampleViewUITests */ = {
			isa = PBXNativeTarget;
			buildConfigurationList = AA8D231E24D401A100F3151E /* Build configuration list for PBXNativeTarget "SplitDisplayModeExampleViewUITests" */;
			buildPhases = (
				AA8D230B24D401A100F3151E /* Sources */,
				AA8D230C24D401A100F3151E /* Frameworks */,
				AA8D230D24D401A100F3151E /* Resources */,
			);
			buildRules = (
			);
			dependencies = (
				AA8D231124D401A100F3151E /* PBXTargetDependency */,
			);
			name = SplitDisplayModeExampleViewUITests;
			productName = SplitDisplayModeExampleViewUITests;
			productReference = AA8D230F24D401A100F3151E /* SplitDisplayModeExampleViewUITests.xctest */;
			productType = "com.apple.product-type.bundle.ui-testing";
		};
/* End PBXNativeTarget section */

/* Begin PBXProject section */
		AA8D22EB24D4019F00F3151E /* Project object */ = {
			isa = PBXProject;
			attributes = {
				LastSwiftUpdateCheck = 1200;
				LastUpgradeCheck = 1200;
				TargetAttributes = {
					AA8D22F224D4019F00F3151E = {
						CreatedOnToolsVersion = 12.0;
					};
					AA8D230324D401A100F3151E = {
						CreatedOnToolsVersion = 12.0;
						TestTargetID = AA8D22F224D4019F00F3151E;
					};
					AA8D230E24D401A100F3151E = {
						CreatedOnToolsVersion = 12.0;
						TestTargetID = AA8D22F224D4019F00F3151E;
					};
				};
			};
			buildConfigurationList = AA8D22EE24D4019F00F3151E /* Build configuration list for PBXProject "SplitDisplayModeExampleView" */;
			compatibilityVersion = "Xcode 9.3";
			developmentRegion = en;
			hasScannedForEncodings = 0;
			knownRegions = (
				en,
				Base,
			);
			mainGroup = AA8D22EA24D4019F00F3151E;
			productRefGroup = AA8D22F424D4019F00F3151E /* Products */;
			projectDirPath = "";
			projectRoot = "";
			targets = (
				AA8D22F224D4019F00F3151E /* SplitDisplayModeExampleView */,
				AA8D230324D401A100F3151E /* SplitDisplayModeExampleViewTests */,
				AA8D230E24D401A100F3151E /* SplitDisplayModeExampleViewUITests */,
			);
		};
/* End PBXProject section */

/* Begin PBXResourcesBuildPhase section */
		AA8D22F124D4019F00F3151E /* Resources */ = {
			isa = PBXResourcesBuildPhase;
			buildActionMask = 2147483647;
			files = (
				AA8D22FE24D401A100F3151E /* Preview Assets.xcassets in Resources */,
				AA8D22FB24D401A100F3151E /* Assets.xcassets in Resources */,
			);
			runOnlyForDeploymentPostprocessing = 0;
		};
		AA8D230224D401A100F3151E /* Resources */ = {
			isa = PBXResourcesBuildPhase;
			buildActionMask = 2147483647;
			files = (
			);
			runOnlyForDeploymentPostprocessing = 0;
		};
		AA8D230D24D401A100F3151E /* Resources */ = {
			isa = PBXResourcesBuildPhase;
			buildActionMask = 2147483647;
			files = (
			);
			runOnlyForDeploymentPostprocessing = 0;
		};
/* End PBXResourcesBuildPhase section */

/* Begin PBXSourcesBuildPhase section */
		AA8D22EF24D4019F00F3151E /* Sources */ = {
			isa = PBXSourcesBuildPhase;
			buildActionMask = 2147483647;
			files = (
				AA8D22F924D4019F00F3151E /* ContentView.swift in Sources */,
				AA8D22F724D4019F00F3151E /* SplitDisplayModeExampleViewApp.swift in Sources */,
			);
			runOnlyForDeploymentPostprocessing = 0;
		};
		AA8D230024D401A100F3151E /* Sources */ = {
			isa = PBXSourcesBuildPhase;
			buildActionMask = 2147483647;
			files = (
				AA8D230924D401A100F3151E /* SplitDisplayModeExampleViewTests.swift in Sources */,
			);
			runOnlyForDeploymentPostprocessing = 0;
		};
		AA8D230B24D401A100F3151E /* Sources */ = {
			isa = PBXSourcesBuildPhase;
			buildActionMask = 2147483647;
			files = (
				AA8D231424D401A100F3151E /* SplitDisplayModeExampleViewUITests.swift in Sources */,
			);
			runOnlyForDeploymentPostprocessing = 0;
		};
/* End PBXSourcesBuildPhase section */

/* Begin PBXTargetDependency section */
		AA8D230624D401A100F3151E /* PBXTargetDependency */ = {
			isa = PBXTargetDependency;
			target = AA8D22F224D4019F00F3151E /* SplitDisplayModeExampleView */;
			targetProxy = AA8D230524D401A100F3151E /* PBXContainerItemProxy */;
		};
		AA8D231124D401A100F3151E /* PBXTargetDependency */ = {
			isa = PBXTargetDependency;
			target = AA8D22F224D4019F00F3151E /* SplitDisplayModeExampleView */;
			targetProxy = AA8D231024D401A100F3151E /* PBXContainerItemProxy */;
		};
/* End PBXTargetDependency section */

/* Begin XCBuildConfiguration section */
		AA8D231624D401A100F3151E /* Debug */ = {
			isa = XCBuildConfiguration;
			buildSettings = {
				ALWAYS_SEARCH_USER_PATHS = NO;
				CLANG_ANALYZER_NONNULL = YES;
				CLANG_ANALYZER_NUMBER_OBJECT_CONVERSION = YES_AGGRESSIVE;
				CLANG_CXX_LANGUAGE_STANDARD = "gnu++14";
				CLANG_CXX_LIBRARY = "libc++";
				CLANG_ENABLE_MODULES = YES;
				CLANG_ENABLE_OBJC_ARC = YES;
				CLANG_ENABLE_OBJC_WEAK = YES;
				CLANG_WARN_BLOCK_CAPTURE_AUTORELEASING = YES;
				CLANG_WARN_BOOL_CONVERSION = YES;
				CLANG_WARN_COMMA = YES;
				CLANG_WARN_CONSTANT_CONVERSION = YES;
				CLANG_WARN_DEPRECATED_OBJC_IMPLEMENTATIONS = YES;
				CLANG_WARN_DIRECT_OBJC_ISA_USAGE = YES_ERROR;
				CLANG_WARN_DOCUMENTATION_COMMENTS = YES;
				CLANG_WARN_EMPTY_BODY = YES;
				CLANG_WARN_ENUM_CONVERSION = YES;
				CLANG_WARN_INFINITE_RECURSION = YES;
				CLANG_WARN_INT_CONVERSION = YES;
				CLANG_WARN_NON_LITERAL_NULL_CONVERSION = YES;
				CLANG_WARN_OBJC_IMPLICIT_RETAIN_SELF = YES;
				CLANG_WARN_OBJC_LITERAL_CONVERSION = YES;
				CLANG_WARN_OBJC_ROOT_CLASS = YES_ERROR;
				CLANG_WARN_QUOTED_INCLUDE_IN_FRAMEWORK_HEADER = YES;
				CLANG_WARN_RANGE_LOOP_ANALYSIS = YES;
				CLANG_WARN_STRICT_PROTOTYPES = YES;
				CLANG_WARN_SUSPICIOUS_MOVE = YES;
				CLANG_WARN_UNGUARDED_AVAILABILITY = YES_AGGRESSIVE;
				CLANG_WARN_UNREACHABLE_CODE = YES;
				CLANG_WARN__DUPLICATE_METHOD_MATCH = YES;
				COPY_PHASE_STRIP = NO;
				DEBUG_INFORMATION_FORMAT = dwarf;
				ENABLE_STRICT_OBJC_MSGSEND = YES;
				ENABLE_TESTABILITY = YES;
				GCC_C_LANGUAGE_STANDARD = gnu11;
				GCC_DYNAMIC_NO_PIC = NO;
				GCC_NO_COMMON_BLOCKS = YES;
				GCC_OPTIMIZATION_LEVEL = 0;
				GCC_PREPROCESSOR_DEFINITIONS = (
					"DEBUG=1",
					"$(inherited)",
				);
				GCC_WARN_64_TO_32_BIT_CONVERSION = YES;
				GCC_WARN_ABOUT_RETURN_TYPE = YES_ERROR;
				GCC_WARN_UNDECLARED_SELECTOR = YES;
				GCC_WARN_UNINITIALIZED_AUTOS = YES_AGGRESSIVE;
				GCC_WARN_UNUSED_FUNCTION = YES;
				GCC_WARN_UNUSED_VARIABLE = YES;
				IPHONEOS_DEPLOYMENT_TARGET = 14.0;
				MTL_ENABLE_DEBUG_INFO = INCLUDE_SOURCE;
				MTL_FAST_MATH = YES;
				ONLY_ACTIVE_ARCH = YES;
				SDKROOT = iphoneos;
				SWIFT_ACTIVE_COMPILATION_CONDITIONS = DEBUG;
				SWIFT_OPTIMIZATION_LEVEL = "-Onone";
			};
			name = Debug;
		};
		AA8D231724D401A100F3151E /* Release */ = {
			isa = XCBuildConfiguration;
			buildSettings = {
				ALWAYS_SEARCH_USER_PATHS = NO;
				CLANG_ANALYZER_NONNULL = YES;
				CLANG_ANALYZER_NUMBER_OBJECT_CONVERSION = YES_AGGRESSIVE;
				CLANG_CXX_LANGUAGE_STANDARD = "gnu++14";
				CLANG_CXX_LIBRARY = "libc++";
				CLANG_ENABLE_MODULES = YES;
				CLANG_ENABLE_OBJC_ARC = YES;
				CLANG_ENABLE_OBJC_WEAK = YES;
				CLANG_WARN_BLOCK_CAPTURE_AUTORELEASING = YES;
				CLANG_WARN_BOOL_CONVERSION = YES;
				CLANG_WARN_COMMA = YES;
				CLANG_WARN_CONSTANT_CONVERSION = YES;
				CLANG_WARN_DEPRECATED_OBJC_IMPLEMENTATIONS = YES;
				CLANG_WARN_DIRECT_OBJC_ISA_USAGE = YES_ERROR;
				CLANG_WARN_DOCUMENTATION_COMMENTS = YES;
				CLANG_WARN_EMPTY_BODY = YES;
				CLANG_WARN_ENUM_CONVERSION = YES;
				CLANG_WARN_INFINITE_RECURSION = YES;
				CLANG_WARN_INT_CONVERSION = YES;
				CLANG_WARN_NON_LITERAL_NULL_CONVERSION = YES;
				CLANG_WARN_OBJC_IMPLICIT_RETAIN_SELF = YES;
				CLANG_WARN_OBJC_LITERAL_CONVERSION = YES;
				CLANG_WARN_OBJC_ROOT_CLASS = YES_ERROR;
				CLANG_WARN_QUOTED_INCLUDE_IN_FRAMEWORK_HEADER = YES;
				CLANG_WARN_RANGE_LOOP_ANALYSIS = YES;
				CLANG_WARN_STRICT_PROTOTYPES = YES;
				CLANG_WARN_SUSPICIOUS_MOVE = YES;
				CLANG_WARN_UNGUARDED_AVAILABILITY = YES_AGGRESSIVE;
				CLANG_WARN_UNREACHABLE_CODE = YES;
				CLANG_WARN__DUPLICATE_METHOD_MATCH = YES;
				COPY_PHASE_STRIP = NO;
				DEBUG_INFORMATION_FORMAT = "dwarf-with-dsym";
				ENABLE_NS_ASSERTIONS = NO;
				ENABLE_STRICT_OBJC_MSGSEND = YES;
				GCC_C_LANGUAGE_STANDARD = gnu11;
				GCC_NO_COMMON_BLOCKS = YES;
				GCC_WARN_64_TO_32_BIT_CONVERSION = YES;
				GCC_WARN_ABOUT_RETURN_TYPE = YES_ERROR;
				GCC_WARN_UNDECLARED_SELECTOR = YES;
				GCC_WARN_UNINITIALIZED_AUTOS = YES_AGGRESSIVE;
				GCC_WARN_UNUSED_FUNCTION = YES;
				GCC_WARN_UNUSED_VARIABLE = YES;
				IPHONEOS_DEPLOYMENT_TARGET = 14.0;
				MTL_ENABLE_DEBUG_INFO = NO;
				MTL_FAST_MATH = YES;
				SDKROOT = iphoneos;
				SWIFT_COMPILATION_MODE = wholemodule;
				SWIFT_OPTIMIZATION_LEVEL = "-O";
				VALIDATE_PRODUCT = YES;
			};
			name = Release;
		};
		AA8D231924D401A100F3151E /* Debug */ = {
			isa = XCBuildConfiguration;
			buildSettings = {
				ASSETCATALOG_COMPILER_APPICON_NAME = AppIcon;
				ASSETCATALOG_COMPILER_GLOBAL_ACCENT_COLOR_NAME = AccentColor;
				CODE_SIGN_STYLE = Automatic;
				DEVELOPMENT_ASSET_PATHS = "\"SplitDisplayModeExampleView/Preview Content\"";
				DEVELOPMENT_TEAM = KL7339J2EK;
				ENABLE_PREVIEWS = YES;
				INFOPLIST_FILE = SplitDisplayModeExampleView/Info.plist;
				IPHONEOS_DEPLOYMENT_TARGET = 14.0;
				LD_RUNPATH_SEARCH_PATHS = (
					"$(inherited)",
					"@executable_path/Frameworks",
				);
				PRODUCT_BUNDLE_IDENTIFIER = com.susieyy.SplitDisplayModeExampleView;
				PRODUCT_NAME = "$(TARGET_NAME)";
				SWIFT_VERSION = 5.0;
				TARGETED_DEVICE_FAMILY = "1,2";
			};
			name = Debug;
		};
		AA8D231A24D401A100F3151E /* Release */ = {
			isa = XCBuildConfiguration;
			buildSettings = {
				ASSETCATALOG_COMPILER_APPICON_NAME = AppIcon;
				ASSETCATALOG_COMPILER_GLOBAL_ACCENT_COLOR_NAME = AccentColor;
				CODE_SIGN_STYLE = Automatic;
				DEVELOPMENT_ASSET_PATHS = "\"SplitDisplayModeExampleView/Preview Content\"";
				DEVELOPMENT_TEAM = KL7339J2EK;
				ENABLE_PREVIEWS = YES;
				INFOPLIST_FILE = SplitDisplayModeExampleView/Info.plist;
				IPHONEOS_DEPLOYMENT_TARGET = 14.0;
				LD_RUNPATH_SEARCH_PATHS = (
					"$(inherited)",
					"@executable_path/Frameworks",
				);
				PRODUCT_BUNDLE_IDENTIFIER = com.susieyy.SplitDisplayModeExampleView;
				PRODUCT_NAME = "$(TARGET_NAME)";
				SWIFT_VERSION = 5.0;
				TARGETED_DEVICE_FAMILY = "1,2";
			};
			name = Release;
		};
		AA8D231C24D401A100F3151E /* Debug */ = {
			isa = XCBuildConfiguration;
			buildSettings = {
				ALWAYS_EMBED_SWIFT_STANDARD_LIBRARIES = YES;
				BUNDLE_LOADER = "$(TEST_HOST)";
				CODE_SIGN_STYLE = Automatic;
				DEVELOPMENT_TEAM = KL7339J2EK;
				INFOPLIST_FILE = SplitDisplayModeExampleViewTests/Info.plist;
				IPHONEOS_DEPLOYMENT_TARGET = 14.0;
				LD_RUNPATH_SEARCH_PATHS = (
					"$(inherited)",
					"@executable_path/Frameworks",
					"@loader_path/Frameworks",
				);
				PRODUCT_BUNDLE_IDENTIFIER = com.susieyy.SplitDisplayModeExampleViewTests;
				PRODUCT_NAME = "$(TARGET_NAME)";
				SWIFT_VERSION = 5.0;
				TARGETED_DEVICE_FAMILY = "1,2";
				TEST_HOST = "$(BUILT_PRODUCTS_DIR)/SplitDisplayModeExampleView.app/SplitDisplayModeExampleView";
			};
			name = Debug;
		};
		AA8D231D24D401A100F3151E /* Release */ = {
			isa = XCBuildConfiguration;
			buildSettings = {
				ALWAYS_EMBED_SWIFT_STANDARD_LIBRARIES = YES;
				BUNDLE_LOADER = "$(TEST_HOST)";
				CODE_SIGN_STYLE = Automatic;
				DEVELOPMENT_TEAM = KL7339J2EK;
				INFOPLIST_FILE = SplitDisplayModeExampleViewTests/Info.plist;
				IPHONEOS_DEPLOYMENT_TARGET = 14.0;
				LD_RUNPATH_SEARCH_PATHS = (
					"$(inherited)",
					"@executable_path/Frameworks",
					"@loader_path/Frameworks",
				);
				PRODUCT_BUNDLE_IDENTIFIER = com.susieyy.SplitDisplayModeExampleViewTests;
				PRODUCT_NAME = "$(TARGET_NAME)";
				SWIFT_VERSION = 5.0;
				TARGETED_DEVICE_FAMILY = "1,2";
				TEST_HOST = "$(BUILT_PRODUCTS_DIR)/SplitDisplayModeExampleView.app/SplitDisplayModeExampleView";
			};
			name = Release;
		};
		AA8D231F24D401A100F3151E /* Debug */ = {
			isa = XCBuildConfiguration;
			buildSettings = {
				ALWAYS_EMBED_SWIFT_STANDARD_LIBRARIES = YES;
				CODE_SIGN_STYLE = Automatic;
				DEVELOPMENT_TEAM = KL7339J2EK;
				INFOPLIST_FILE = SplitDisplayModeExampleViewUITests/Info.plist;
				LD_RUNPATH_SEARCH_PATHS = (
					"$(inherited)",
					"@executable_path/Frameworks",
					"@loader_path/Frameworks",
				);
				PRODUCT_BUNDLE_IDENTIFIER = com.susieyy.SplitDisplayModeExampleViewUITests;
				PRODUCT_NAME = "$(TARGET_NAME)";
				SWIFT_VERSION = 5.0;
				TARGETED_DEVICE_FAMILY = "1,2";
				TEST_TARGET_NAME = SplitDisplayModeExampleView;
			};
			name = Debug;
		};
		AA8D232024D401A100F3151E /* Release */ = {
			isa = XCBuildConfiguration;
			buildSettings = {
				ALWAYS_EMBED_SWIFT_STANDARD_LIBRARIES = YES;
				CODE_SIGN_STYLE = Automatic;
				DEVELOPMENT_TEAM = KL7339J2EK;
				INFOPLIST_FILE = SplitDisplayModeExampleViewUITests/Info.plist;
				LD_RUNPATH_SEARCH_PATHS = (
					"$(inherited)",
					"@executable_path/Frameworks",
					"@loader_path/Frameworks",
				);
				PRODUCT_BUNDLE_IDENTIFIER = com.susieyy.SplitDisplayModeExampleViewUITests;
				PRODUCT_NAME = "$(TARGET_NAME)";
				SWIFT_VERSION = 5.0;
				TARGETED_DEVICE_FAMILY = "1,2";
				TEST_TARGET_NAME = SplitDisplayModeExampleView;
			};
			name = Release;
		};
/* End XCBuildConfiguration section */

/* Begin XCConfigurationList section */
		AA8D22EE24D4019F00F3151E /* Build configuration list for PBXProject "SplitDisplayModeExampleView" */ = {
			isa = XCConfigurationList;
			buildConfigurations = (
				AA8D231624D401A100F3151E /* Debug */,
				AA8D231724D401A100F3151E /* Release */,
			);
			defaultConfigurationIsVisible = 0;
			defaultConfigurationName = Release;
		};
		AA8D231824D401A100F3151E /* Build configuration list for PBXNativeTarget "SplitDisplayModeExampleView" */ = {
			isa = XCConfigurationList;
			buildConfigurations = (
				AA8D231924D401A100F3151E /* Debug */,
				AA8D231A24D401A100F3151E /* Release */,
			);
			defaultConfigurationIsVisible = 0;
			defaultConfigurationName = Release;
		};
		AA8D231B24D401A100F3151E /* Build configuration list for PBXNativeTarget "SplitDisplayModeExampleViewTests" */ = {
			isa = XCConfigurationList;
			buildConfigurations = (
				AA8D231C24D401A100F3151E /* Debug */,
				AA8D231D24D401A100F3151E /* Release */,
			);
			defaultConfigurationIsVisible = 0;
			defaultConfigurationName = Release;
		};
		AA8D231E24D401A100F3151E /* Build configuration list for PBXNativeTarget "SplitDisplayModeExampleViewUITests" */ = {
			isa = XCConfigurationList;
			buildConfigurations = (
				AA8D231F24D401A100F3151E /* Debug */,
				AA8D232024D401A100F3151E /* Release */,
			);
			defaultConfigurationIsVisible = 0;
			defaultConfigurationName = Release;
		};
/* End XCConfigurationList section */
	};
	rootObject = AA8D22EB24D4019F00F3151E /* Project object */;
}
